
Microsoft Visual Studio Solution File, Format Version 12.00
# Visual Studio Version 16
VisualStudioVersion = 16.0.29123.88
MinimumVisualStudioVersion = 10.0.40219.1
Project("{FAE04EC0-301F-11D3-BF4B-00C04F79EFBC}") = "ECG reader", "ECG reader\ECG reader.csproj", "{1AC0AD5E-C2D8-49B7-BB35-9D87111B7108}"
EndProject
Global
	GlobalSection(SolutionConfigurationPlatforms) = preSolution
		Debug|Any CPU = Debug|Any CPU
		Release|Any CPU = Release|Any CPU
	EndGlobalSection
	GlobalSection(ProjectConfigurationPlatforms) = postSolution
		{1AC0AD5E-C2D8-49B7-BB35-9D87111B7108}.Debug|Any CPU.ActiveCfg = Debug|Any CPU
		{1AC0AD5E-C2D8-49B7-BB35-9D87111B7108}.Debug|Any CPU.Build.0 = Debug|Any CPU
		{1AC0AD5E-C2D8-49B7-BB35-9D87111B7108}.Release|Any CPU.ActiveCfg = Release|Any CPU
		{1AC0AD5E-C2D8-49B7-BB35-9D87111B7108}.Release|Any CPU.Build.0 = Release|Any CPU
	EndGlobalSection
	GlobalSection(SolutionProperties) = preSolution
		HideSolutionNode = FALSE
	EndGlobalSection
	GlobalSection(ExtensibilityGlobals) = postSolution
		SolutionGuid = {74F795D1-ED0C-4E9B-AC71-EDF8D3E20D5F}
	EndGlobalSection
EndGlobal
